
Microsoft Visual Studio Solution File, Format Version 12.00
# Visual Studio Version 17
VisualStudioVersion = 17.13.35806.99 d17.13
MinimumVisualStudioVersion = 10.0.40219.1
Project("{FAE04EC0-301F-11D3-BF4B-00C04F79EFBC}") = "ClassCreate", "ClassCreate\ClassCreate.csproj", "{BB4383D5-610A-4D79-BF90-EB736B0156BC}"
EndProject
Global
	GlobalSection(SolutionConfigurationPlatforms) = preSolution
		Debug|Any CPU = Debug|Any CPU
		Release|Any CPU = Release|Any CPU
	EndGlobalSection
	GlobalSection(ProjectConfigurationPlatforms) = postSolution
		{BB4383D5-610A-4D79-BF90-EB736B0156BC}.Debug|Any CPU.ActiveCfg = Debug|Any CPU
		{BB4383D5-610A-4D79-BF90-EB736B0156BC}.Debug|Any CPU.Build.0 = Debug|Any CPU
		{BB4383D5-610A-4D79-BF90-EB736B0156BC}.Release|Any CPU.ActiveCfg = Release|Any CPU
		{BB4383D5-610A-4D79-BF90-EB736B0156BC}.Release|Any CPU.Build.0 = Release|Any CPU
	EndGlobalSection
	GlobalSection(SolutionProperties) = preSolution
		HideSolutionNode = FALSE
	EndGlobalSection
	GlobalSection(ExtensibilityGlobals) = postSolution
		SolutionGuid = {1D32EF4C-5C42-405C-A3D4-0C1C5E81EFDC}
	EndGlobalSection
EndGlobal
